
Microsoft Visual Studio Solution File, Format Version 12.00
# Visual Studio 14
VisualStudioVersion = 14.0.25029.0
MinimumVisualStudioVersion = 10.0.40219.1
Project("{FAE04EC0-301F-11D3-BF4B-00C04F79EFBC}") = "CoverageConverter", "CoverageConverter\CoverageConverter.csproj", "{F45F7F17-D275-4810-A46E-8FE9310A8EE2}"
EndProject
Global
	GlobalSection(SolutionConfigurationPlatforms) = preSolution
		Debug|Any CPU = Debug|Any CPU
		Release|Any CPU = Release|Any CPU
	EndGlobalSection
	GlobalSection(ProjectConfigurationPlatforms) = postSolution
		{F45F7F17-D275-4810-A46E-8FE9310A8EE2}.Debug|Any CPU.ActiveCfg = Debug|Any CPU
		{F45F7F17-D275-4810-A46E-8FE9310A8EE2}.Debug|Any CPU.Build.0 = Debug|Any CPU
		{F45F7F17-D275-4810-A46E-8FE9310A8EE2}.Release|Any CPU.ActiveCfg = Release|Any CPU
		{F45F7F17-D275-4810-A46E-8FE9310A8EE2}.Release|Any CPU.Build.0 = Release|Any CPU
	EndGlobalSection
	GlobalSection(SolutionProperties) = preSolution
		HideSolutionNode = FALSE
	EndGlobalSection
EndGlobal
